
Microsoft Visual Studio Solution File, Format Version 12.00
# Visual Studio 14
VisualStudioVersion = 14.0.23107.0
MinimumVisualStudioVersion = 10.0.40219.1
Project("{2150E333-8FDC-42A3-9474-1A3956D46DE8}") = "EyeHelperPositionWin", "EyeHelperPositionWin", "{68E402EE-5A79-47F0-8429-5AC63F2117D6}"
EndProject
Project("{D954291E-2A0B-460D-934E-DC6B0785DB48}") = "EyeHelperPositionWin.Shared", "EyeHelperPositionWin\EyeHelperPositionWin.Shared\EyeHelperPositionWin.Shared.shproj", "{93F29D7C-8B09-4B3A-B3F6-DE4A0A11196D}"
EndProject
Project("{FAE04EC0-301F-11D3-BF4B-00C04F79EFBC}") = "EyeHelperPositionWin.Windows", "EyeHelperPositionWin\EyeHelperPositionWin.Windows\EyeHelperPositionWin.Windows.csproj", "{ACFCCC4B-A522-4CCE-8BD9-BDBBCD700444}"
EndProject
Project("{FAE04EC0-301F-11D3-BF4B-00C04F79EFBC}") = "EyeHelperPositionWin.WindowsPhone", "EyeHelperPositionWin\EyeHelperPositionWin.WindowsPhone\EyeHelperPositionWin.WindowsPhone.csproj", "{08C61248-5CF2-4B5B-8F2A-B99D908D8879}"
EndProject
Global
	GlobalSection(SharedMSBuildProjectFiles) = preSolution
		EyeHelperPositionWin\EyeHelperPositionWin.Shared\EyeHelperPositionWin.Shared.projitems*{acfccc4b-a522-4cce-8bd9-bdbbcd700444}*SharedItemsImports = 4
		EyeHelperPositionWin\EyeHelperPositionWin.Shared\EyeHelperPositionWin.Shared.projitems*{93f29d7c-8b09-4b3a-b3f6-de4a0a11196d}*SharedItemsImports = 13
		EyeHelperPositionWin\EyeHelperPositionWin.Shared\EyeHelperPositionWin.Shared.projitems*{08c61248-5cf2-4b5b-8f2a-b99d908d8879}*SharedItemsImports = 4
	EndGlobalSection
	GlobalSection(SolutionConfigurationPlatforms) = preSolution
		Debug|Any CPU = Debug|Any CPU
		Debug|ARM = Debug|ARM
		Debug|x64 = Debug|x64
		Debug|x86 = Debug|x86
		Release|Any CPU = Release|Any CPU
		Release|ARM = Release|ARM
		Release|x64 = Release|x64
		Release|x86 = Release|x86
	EndGlobalSection
	GlobalSection(ProjectConfigurationPlatforms) = postSolution
		{ACFCCC4B-A522-4CCE-8BD9-BDBBCD700444}.Debug|Any CPU.ActiveCfg = Debug|Any CPU
		{ACFCCC4B-A522-4CCE-8BD9-BDBBCD700444}.Debug|Any CPU.Build.0 = Debug|Any CPU
		{ACFCCC4B-A522-4CCE-8BD9-BDBBCD700444}.Debug|Any CPU.Deploy.0 = Debug|Any CPU
		{ACFCCC4B-A522-4CCE-8BD9-BDBBCD700444}.Debug|ARM.ActiveCfg = Debug|ARM
		{ACFCCC4B-A522-4CCE-8BD9-BDBBCD700444}.Debug|ARM.Build.0 = Debug|ARM
		{ACFCCC4B-A522-4CCE-8BD9-BDBBCD700444}.Debug|ARM.Deploy.0 = Debug|ARM
		{ACFCCC4B-A522-4CCE-8BD9-BDBBCD700444}.Debug|x64.ActiveCfg = Debug|x64
		{ACFCCC4B-A522-4CCE-8BD9-BDBBCD700444}.Debug|x64.Build.0 = Debug|x64
		{ACFCCC4B-A522-4CCE-8BD9-BDBBCD700444}.Debug|x64.Deploy.0 = Debug|x64
		{ACFCCC4B-A522-4CCE-8BD9-BDBBCD700444}.Debug|x86.ActiveCfg = Debug|x86
		{ACFCCC4B-A522-4CCE-8BD9-BDBBCD700444}.Debug|x86.Build.0 = Debug|x86
		{ACFCCC4B-A522-4CCE-8BD9-BDBBCD700444}.Debug|x86.Deploy.0 = Debug|x86
		{ACFCCC4B-A522-4CCE-8BD9-BDBBCD700444}.Release|Any CPU.ActiveCfg = Release|Any CPU
		{ACFCCC4B-A522-4CCE-8BD9-BDBBCD700444}.Release|Any CPU.Build.0 = Release|Any CPU
		{ACFCCC4B-A522-4CCE-8BD9-BDBBCD700444}.Release|Any CPU.Deploy.0 = Release|Any CPU
		{ACFCCC4B-A522-4CCE-8BD9-BDBBCD700444}.Release|ARM.ActiveCfg = Release|ARM
		{ACFCCC4B-A522-4CCE-8BD9-BDBBCD700444}.Release|ARM.Build.0 = Release|ARM
		{ACFCCC4B-A522-4CCE-8BD9-BDBBCD700444}.Release|ARM.Deploy.0 = Release|ARM
		{ACFCCC4B-A522-4CCE-8BD9-BDBBCD700444}.Release|x64.ActiveCfg = Release|x64
		{ACFCCC4B-A522-4CCE-8BD9-BDBBCD700444}.Release|x64.Build.0 = Release|x64
		{ACFCCC4B-A522-4CCE-8BD9-BDBBCD700444}.Release|x64.Deploy.0 = Release|x64
		{ACFCCC4B-A522-4CCE-8BD9-BDBBCD700444}.Release|x86.ActiveCfg = Release|x86
		{ACFCCC4B-A522-4CCE-8BD9-BDBBCD700444}.Release|x86.Build.0 = Release|x86
		{ACFCCC4B-A522-4CCE-8BD9-BDBBCD700444}.Release|x86.Deploy.0 = Release|x86
		{08C61248-5CF2-4B5B-8F2A-B99D908D8879}.Debug|Any CPU.ActiveCfg = Debug|Any CPU
		{08C61248-5CF2-4B5B-8F2A-B99D908D8879}.Debug|Any CPU.Build.0 = Debug|Any CPU
		{08C61248-5CF2-4B5B-8F2A-B99D908D8879}.Debug|Any CPU.Deploy.0 = Debug|Any CPU
		{08C61248-5CF2-4B5B-8F2A-B99D908D8879}.Debug|ARM.ActiveCfg = Debug|ARM
		{08C61248-5CF2-4B5B-8F2A-B99D908D8879}.Debug|ARM.Build.0 = Debug|ARM
		{08C61248-5CF2-4B5B-8F2A-B99D908D8879}.Debug|ARM.Deploy.0 = Debug|ARM
		{08C61248-5CF2-4B5B-8F2A-B99D908D8879}.Debug|x64.ActiveCfg = Debug|Any CPU
		{08C61248-5CF2-4B5B-8F2A-B99D908D8879}.Debug|x64.Build.0 = Debug|Any CPU
		{08C61248-5CF2-4B5B-8F2A-B99D908D8879}.Debug|x64.Deploy.0 = Debug|Any CPU
		{08C61248-5CF2-4B5B-8F2A-B99D908D8879}.Debug|x86.ActiveCfg = Debug|x86
		{08C61248-5CF2-4B5B-8F2A-B99D908D8879}.Debug|x86.Build.0 = Debug|x86
		{08C61248-5CF2-4B5B-8F2A-B99D908D8879}.Debug|x86.Deploy.0 = Debug|x86
		{08C61248-5CF2-4B5B-8F2A-B99D908D8879}.Release|Any CPU.ActiveCfg = Release|Any CPU
		{08C61248-5CF2-4B5B-8F2A-B99D908D8879}.Release|Any CPU.Build.0 = Release|Any CPU
		{08C61248-5CF2-4B5B-8F2A-B99D908D8879}.Release|Any CPU.Deploy.0 = Release|Any CPU
		{08C61248-5CF2-4B5B-8F2A-B99D908D8879}.Release|ARM.ActiveCfg = Release|ARM
		{08C61248-5CF2-4B5B-8F2A-B99D908D8879}.Release|ARM.Build.0 = Release|ARM
		{08C61248-5CF2-4B5B-8F2A-B99D908D8879}.Release|ARM.Deploy.0 = Release|ARM
		{08C61248-5CF2-4B5B-8F2A-B99D908D8879}.Release|x64.ActiveCfg = Release|Any CPU
		{08C61248-5CF2-4B5B-8F2A-B99D908D8879}.Release|x64.Build.0 = Release|Any CPU
		{08C61248-5CF2-4B5B-8F2A-B99D908D8879}.Release|x64.Deploy.0 = Release|Any CPU
		{08C61248-5CF2-4B5B-8F2A-B99D908D8879}.Release|x86.ActiveCfg = Release|x86
		{08C61248-5CF2-4B5B-8F2A-B99D908D8879}.Release|x86.Build.0 = Release|x86
		{08C61248-5CF2-4B5B-8F2A-B99D908D8879}.Release|x86.Deploy.0 = Release|x86
	EndGlobalSection
	GlobalSection(SolutionProperties) = preSolution
		HideSolutionNode = FALSE
	EndGlobalSection
	GlobalSection(NestedProjects) = preSolution
		{93F29D7C-8B09-4B3A-B3F6-DE4A0A11196D} = {68E402EE-5A79-47F0-8429-5AC63F2117D6}
		{ACFCCC4B-A522-4CCE-8BD9-BDBBCD700444} = {68E402EE-5A79-47F0-8429-5AC63F2117D6}
		{08C61248-5CF2-4B5B-8F2A-B99D908D8879} = {68E402EE-5A79-47F0-8429-5AC63F2117D6}
	EndGlobalSection
EndGlobal
